// !$*UTF8*$!
{
	archiveVersion = 1;
	classes = {
	};
	objectVersion = 56;
	objects = {

/* Begin PBXBuildFile section */
		CE1C03E42BCB12300068D52E /* AppDelegate.swift in Sources */ = {isa = PBXBuildFile; fileRef = CE1C03E32BCB12300068D52E /* AppDelegate.swift */; };
		CE1C03E62BCB12300068D52E /* SceneDelegate.swift in Sources */ = {isa = PBXBuildFile; fileRef = CE1C03E52BCB12300068D52E /* SceneDelegate.swift */; };
		CE1C03E82BCB12300068D52E /* ViewController.swift in Sources */ = {isa = PBXBuildFile; fileRef = CE1C03E72BCB12300068D52E /* ViewController.swift */; };
		CE1C03EB2BCB12300068D52E /* Main.storyboard in Resources */ = {isa = PBXBuildFile; fileRef = CE1C03E92BCB12300068D52E /* Main.storyboard */; };
		CE1C03ED2BCB12310068D52E /* Assets.xcassets in Resources */ = {isa = PBXBuildFile; fileRef = CE1C03EC2BCB12310068D52E /* Assets.xcassets */; };
		CE1C03F02BCB12310068D52E /* LaunchScreen.storyboard in Resources */ = {isa = PBXBuildFile; fileRef = CE1C03EE2BCB12310068D52E /* LaunchScreen.storyboard */; };
		CE1C03FC2BCB3D620068D52E /* pexels-eberhard-grossgasteiger-2088170.jpg in Resources */ = {isa = PBXBuildFile; fileRef = CE1C03FB2BCB3D620068D52E /* pexels-eberhard-grossgasteiger-2088170.jpg */; };
		CE1C03FE2BCB3E860068D52E /* pexels-eberhard-grossgasteiger-2088205.jpg in Resources */ = {isa = PBXBuildFile; fileRef = CE1C03FD2BCB3E860068D52E /* pexels-eberhard-grossgasteiger-2088205.jpg */; };
/* End PBXBuildFile section */

/* Begin PBXFileReference section */
		CE1C03E02BCB12300068D52E /* FinalProject.app */ = {isa = PBXFileReference; explicitFileType = wrapper.application; includeInIndex = 0; path = FinalProject.app; sourceTree = BUILT_PRODUCTS_DIR; };
		CE1C03E32BCB12300068D52E /* AppDelegate.swift */ = {isa = PBXFileReference; lastKnownFileType = sourcecode.swift; path = AppDelegate.swift; sourceTree = "<group>"; };
		CE1C03E52BCB12300068D52E /* SceneDelegate.swift */ = {isa = PBXFileReference; lastKnownFileType = sourcecode.swift; path = SceneDelegate.swift; sourceTree = "<group>"; };
		CE1C03E72BCB12300068D52E /* ViewController.swift */ = {isa = PBXFileReference; lastKnownFileType = sourcecode.swift; path = ViewController.swift; sourceTree = "<group>"; };
		CE1C03EA2BCB12300068D52E /* Base */ = {isa = PBXFileReference; lastKnownFileType = file.storyboard; name = Base; path = Base.lproj/Main.storyboard; sourceTree = "<group>"; };
		CE1C03EC2BCB12310068D52E /* Assets.xcassets */ = {isa = PBXFileReference; lastKnownFileType = folder.assetcatalog; path = Assets.xcassets; sourceTree = "<group>"; };
		CE1C03EF2BCB12310068D52E /* Base */ = {isa = PBXFileReference; lastKnownFileType = file.storyboard; name = Base; path = Base.lproj/LaunchScreen.storyboard; sourceTree = "<group>"; };
		CE1C03F12BCB12310068D52E /* Info.plist */ = {isa = PBXFileReference; lastKnownFileType = text.plist.xml; path = Info.plist; sourceTree = "<group>"; };
		CE1C03FB2BCB3D620068D52E /* pexels-eberhard-grossgasteiger-2088170.jpg */ = {isa = PBXFileReference; lastKnownFileType = image.jpeg; path = "pexels-eberhard-grossgasteiger-2088170.jpg"; sourceTree = "<group>"; };
		CE1C03FD2BCB3E860068D52E /* pexels-eberhard-grossgasteiger-2088205.jpg */ = {isa = PBXFileReference; lastKnownFileType = image.jpeg; path = "pexels-eberhard-grossgasteiger-2088205.jpg"; sourceTree = "<group>"; };
/* End PBXFileReference section */

/* Begin PBXFrameworksBuildPhase section */
		CE1C03DD2BCB12300068D52E /* Frameworks */ = {
			isa = PBXFrameworksBuildPhase;
			buildActionMask = 2147483647;
			files = (
			);
			runOnlyForDeploymentPostprocessing = 0;
		};
/* End PBXFrameworksBuildPhase section */

/* Begin PBXGroup section */
		CE1C03D72BCB12300068D52E = {
			isa = PBXGroup;
			children = (
				CE1C03E22BCB12300068D52E /* FinalProject */,
				CE1C03E12BCB12300068D52E /* Products */,
			);
			sourceTree = "<group>";
		};
		CE1C03E12BCB12300068D52E /* Products */ = {
			isa = PBXGroup;
			children = (
				CE1C03E02BCB12300068D52E /* FinalProject.app */,
			);
			name = Products;
			sourceTree = "<group>";
		};
		CE1C03E22BCB12300068D52E /* FinalProject */ = {
			isa = PBXGroup;
			children = (
				CE1C03FA2BCB3ADF0068D52E /* Controllers */,
				CE1C03F92BCB12690068D52E /* Assets */,
				CE1C03F82BCB125F0068D52E /* Database */,
				CE1C03F72BCB12500068D52E /* Images */,
				CE1C03E32BCB12300068D52E /* AppDelegate.swift */,
				CE1C03E52BCB12300068D52E /* SceneDelegate.swift */,
				CE1C03E92BCB12300068D52E /* Main.storyboard */,
				CE1C03EC2BCB12310068D52E /* Assets.xcassets */,
				CE1C03EE2BCB12310068D52E /* LaunchScreen.storyboard */,
				CE1C03F12BCB12310068D52E /* Info.plist */,
			);
			path = FinalProject;
			sourceTree = "<group>";
		};
		CE1C03F72BCB12500068D52E /* Images */ = {
			isa = PBXGroup;
			children = (
				CE1C03FD2BCB3E860068D52E /* pexels-eberhard-grossgasteiger-2088205.jpg */,
				CE1C03FB2BCB3D620068D52E /* pexels-eberhard-grossgasteiger-2088170.jpg */,
			);
			path = Images;
			sourceTree = "<group>";
		};
		CE1C03F82BCB125F0068D52E /* Database */ = {
			isa = PBXGroup;
			children = (
			);
			path = Database;
			sourceTree = "<group>";
		};
		CE1C03F92BCB12690068D52E /* Assets */ = {
			isa = PBXGroup;
			children = (
			);
			path = Assets;
			sourceTree = "<group>";
		};
		CE1C03FA2BCB3ADF0068D52E /* Controllers */ = {
			isa = PBXGroup;
			children = (
				CE1C03E72BCB12300068D52E /* ViewController.swift */,
			);
			path = Controllers;
			sourceTree = "<group>";
		};
/* End PBXGroup section */

/* Begin PBXNativeTarget section */
		CE1C03DF2BCB12300068D52E /* FinalProject */ = {
			isa = PBXNativeTarget;
			buildConfigurationList = CE1C03F42BCB12310068D52E /* Build configuration list for PBXNativeTarget "FinalProject" */;
			buildPhases = (
				CE1C03DC2BCB12300068D52E /* Sources */,
				CE1C03DD2BCB12300068D52E /* Frameworks */,
				CE1C03DE2BCB12300068D52E /* Resources */,
			);
			buildRules = (
			);
			dependencies = (
			);
			name = FinalProject;
			productName = FinalProject;
			productReference = CE1C03E02BCB12300068D52E /* FinalProject.app */;
			productType = "com.apple.product-type.application";
		};
/* End PBXNativeTarget section */

/* Begin PBXProject section */
		CE1C03D82BCB12300068D52E /* Project object */ = {
			isa = PBXProject;
			attributes = {
				BuildIndependentTargetsInParallel = 1;
				LastSwiftUpdateCheck = 1430;
				LastUpgradeCheck = 1430;
				TargetAttributes = {
					CE1C03DF2BCB12300068D52E = {
						CreatedOnToolsVersion = 14.3.1;
					};
				};
			};
			buildConfigurationList = CE1C03DB2BCB12300068D52E /* Build configuration list for PBXProject "FinalProject" */;
			compatibilityVersion = "Xcode 14.0";
			developmentRegion = en;
			hasScannedForEncodings = 0;
			knownRegions = (
				en,
				Base,
			);
			mainGroup = CE1C03D72BCB12300068D52E;
			productRefGroup = CE1C03E12BCB12300068D52E /* Products */;
			projectDirPath = "";
			projectRoot = "";
			targets = (
				CE1C03DF2BCB12300068D52E /* FinalProject */,
			);
		};
/* End PBXProject section */

/* Begin PBXResourcesBuildPhase section */
		CE1C03DE2BCB12300068D52E /* Resources */ = {
			isa = PBXResourcesBuildPhase;
			buildActionMask = 2147483647;
			files = (
				CE1C03F02BCB12310068D52E /* LaunchScreen.storyboard in Resources */,
				CE1C03FC2BCB3D620068D52E /* pexels-eberhard-grossgasteiger-2088170.jpg in Resources */,
				CE1C03FE2BCB3E860068D52E /* pexels-eberhard-grossgasteiger-2088205.jpg in Resources */,
				CE1C03ED2BCB12310068D52E /* Assets.xcassets in Resources */,
				CE1C03EB2BCB12300068D52E /* Main.storyboard in Resources */,
			);
			runOnlyForDeploymentPostprocessing = 0;
		};
/* End PBXResourcesBuildPhase section */

/* Begin PBXSourcesBuildPhase section */
		CE1C03DC2BCB12300068D52E /* Sources */ = {
			isa = PBXSourcesBuildPhase;
			buildActionMask = 2147483647;
			files = (
				CE1C03E82BCB12300068D52E /* ViewController.swift in Sources */,
				CE1C03E42BCB12300068D52E /* AppDelegate.swift in Sources */,
				CE1C03E62BCB12300068D52E /* SceneDelegate.swift in Sources */,
			);
			runOnlyForDeploymentPostprocessing = 0;
		};
/* End PBXSourcesBuildPhase section */

/* Begin PBXVariantGroup section */
		CE1C03E92BCB12300068D52E /* Main.storyboard */ = {
			isa = PBXVariantGroup;
			children = (
				CE1C03EA2BCB12300068D52E /* Base */,
			);
			name = Main.storyboard;
			sourceTree = "<group>";
		};
		CE1C03EE2BCB12310068D52E /* LaunchScreen.storyboard */ = {
			isa = PBXVariantGroup;
			children = (
				CE1C03EF2BCB12310068D52E /* Base */,
			);
			name = LaunchScreen.storyboard;
			sourceTree = "<group>";
		};
/* End PBXVariantGroup section */

/* Begin XCBuildConfiguration section */
		CE1C03F22BCB12310068D52E /* Debug */ = {
			isa = XCBuildConfiguration;
			buildSettings = {
				ALWAYS_SEARCH_USER_PATHS = NO;
				CLANG_ANALYZER_NONNULL = YES;
				CLANG_ANALYZER_NUMBER_OBJECT_CONVERSION = YES_AGGRESSIVE;
				CLANG_CXX_LANGUAGE_STANDARD = "gnu++20";
				CLANG_ENABLE_MODULES = YES;
				CLANG_ENABLE_OBJC_ARC = YES;
				CLANG_ENABLE_OBJC_WEAK = YES;
				CLANG_WARN_BLOCK_CAPTURE_AUTORELEASING = YES;
				CLANG_WARN_BOOL_CONVERSION = YES;
				CLANG_WARN_COMMA = YES;
				CLANG_WARN_CONSTANT_CONVERSION = YES;
				CLANG_WARN_DEPRECATED_OBJC_IMPLEMENTATIONS = YES;
				CLANG_WARN_DIRECT_OBJC_ISA_USAGE = YES_ERROR;
				CLANG_WARN_DOCUMENTATION_COMMENTS = YES;
				CLANG_WARN_EMPTY_BODY = YES;
				CLANG_WARN_ENUM_CONVERSION = YES;
				CLANG_WARN_INFINITE_RECURSION = YES;
				CLANG_WARN_INT_CONVERSION = YES;
				CLANG_WARN_NON_LITERAL_NULL_CONVERSION = YES;
				CLANG_WARN_OBJC_IMPLICIT_RETAIN_SELF = YES;
				CLANG_WARN_OBJC_LITERAL_CONVERSION = YES;
				CLANG_WARN_OBJC_ROOT_CLASS = YES_ERROR;
				CLANG_WARN_QUOTED_INCLUDE_IN_FRAMEWORK_HEADER = YES;
				CLANG_WARN_RANGE_LOOP_ANALYSIS = YES;
				CLANG_WARN_STRICT_PROTOTYPES = YES;
				CLANG_WARN_SUSPICIOUS_MOVE = YES;
				CLANG_WARN_UNGUARDED_AVAILABILITY = YES_AGGRESSIVE;
				CLANG_WARN_UNREACHABLE_CODE = YES;
				CLANG_WARN__DUPLICATE_METHOD_MATCH = YES;
				COPY_PHASE_STRIP = NO;
				DEBUG_INFORMATION_FORMAT = dwarf;
				ENABLE_STRICT_OBJC_MSGSEND = YES;
				ENABLE_TESTABILITY = YES;
				GCC_C_LANGUAGE_STANDARD = gnu11;
				GCC_DYNAMIC_NO_PIC = NO;
				GCC_NO_COMMON_BLOCKS = YES;
				GCC_OPTIMIZATION_LEVEL = 0;
				GCC_PREPROCESSOR_DEFINITIONS = (
					"DEBUG=1",
					"$(inherited)",
				);
				GCC_WARN_64_TO_32_BIT_CONVERSION = YES;
				GCC_WARN_ABOUT_RETURN_TYPE = YES_ERROR;
				GCC_WARN_UNDECLARED_SELECTOR = YES;
				GCC_WARN_UNINITIALIZED_AUTOS = YES_AGGRESSIVE;
				GCC_WARN_UNUSED_FUNCTION = YES;
				GCC_WARN_UNUSED_VARIABLE = YES;
				IPHONEOS_DEPLOYMENT_TARGET = 16.4;
				MTL_ENABLE_DEBUG_INFO = INCLUDE_SOURCE;
				MTL_FAST_MATH = YES;
				ONLY_ACTIVE_ARCH = YES;
				SDKROOT = iphoneos;
				SWIFT_ACTIVE_COMPILATION_CONDITIONS = DEBUG;
				SWIFT_OPTIMIZATION_LEVEL = "-Onone";
			};
			name = Debug;
		};
		CE1C03F32BCB12310068D52E /* Release */ = {
			isa = XCBuildConfiguration;
			buildSettings = {
				ALWAYS_SEARCH_USER_PATHS = NO;
				CLANG_ANALYZER_NONNULL = YES;
				CLANG_ANALYZER_NUMBER_OBJECT_CONVERSION = YES_AGGRESSIVE;
				CLANG_CXX_LANGUAGE_STANDARD = "gnu++20";
				CLANG_ENABLE_MODULES = YES;
				CLANG_ENABLE_OBJC_ARC = YES;
				CLANG_ENABLE_OBJC_WEAK = YES;
				CLANG_WARN_BLOCK_CAPTURE_AUTORELEASING = YES;
				CLANG_WARN_BOOL_CONVERSION = YES;
				CLANG_WARN_COMMA = YES;
				CLANG_WARN_CONSTANT_CONVERSION = YES;
				CLANG_WARN_DEPRECATED_OBJC_IMPLEMENTATIONS = YES;
				CLANG_WARN_DIRECT_OBJC_ISA_USAGE = YES_ERROR;
				CLANG_WARN_DOCUMENTATION_COMMENTS = YES;
				CLANG_WARN_EMPTY_BODY = YES;
				CLANG_WARN_ENUM_CONVERSION = YES;
				CLANG_WARN_INFINITE_RECURSION = YES;
				CLANG_WARN_INT_CONVERSION = YES;
				CLANG_WARN_NON_LITERAL_NULL_CONVERSION = YES;
				CLANG_WARN_OBJC_IMPLICIT_RETAIN_SELF = YES;
				CLANG_WARN_OBJC_LITERAL_CONVERSION = YES;
				CLANG_WARN_OBJC_ROOT_CLASS = YES_ERROR;
				CLANG_WARN_QUOTED_INCLUDE_IN_FRAMEWORK_HEADER = YES;
				CLANG_WARN_RANGE_LOOP_ANALYSIS = YES;
				CLANG_WARN_STRICT_PROTOTYPES = YES;
				CLANG_WARN_SUSPICIOUS_MOVE = YES;
				CLANG_WARN_UNGUARDED_AVAILABILITY = YES_AGGRESSIVE;
				CLANG_WARN_UNREACHABLE_CODE = YES;
				CLANG_WARN__DUPLICATE_METHOD_MATCH = YES;
				COPY_PHASE_STRIP = NO;
				DEBUG_INFORMATION_FORMAT = "dwarf-with-dsym";
				ENABLE_NS_ASSERTIONS = NO;
				ENABLE_STRICT_OBJC_MSGSEND = YES;
				GCC_C_LANGUAGE_STANDARD = gnu11;
				GCC_NO_COMMON_BLOCKS = YES;
				GCC_WARN_64_TO_32_BIT_CONVERSION = YES;
				GCC_WARN_ABOUT_RETURN_TYPE = YES_ERROR;
				GCC_WARN_UNDECLARED_SELECTOR = YES;
				GCC_WARN_UNINITIALIZED_AUTOS = YES_AGGRESSIVE;
				GCC_WARN_UNUSED_FUNCTION = YES;
				GCC_WARN_UNUSED_VARIABLE = YES;
				IPHONEOS_DEPLOYMENT_TARGET = 16.4;
				MTL_ENABLE_DEBUG_INFO = NO;
				MTL_FAST_MATH = YES;
				SDKROOT = iphoneos;
				SWIFT_COMPILATION_MODE = wholemodule;
				SWIFT_OPTIMIZATION_LEVEL = "-O";
				VALIDATE_PRODUCT = YES;
			};
			name = Release;
		};
		CE1C03F52BCB12310068D52E /* Debug */ = {
			isa = XCBuildConfiguration;
			buildSettings = {
				ASSETCATALOG_COMPILER_APPICON_NAME = AppIcon;
				ASSETCATALOG_COMPILER_GLOBAL_ACCENT_COLOR_NAME = AccentColor;
				CODE_SIGN_STYLE = Automatic;
				CURRENT_PROJECT_VERSION = 1;
				GENERATE_INFOPLIST_FILE = YES;
				INFOPLIST_FILE = FinalProject/Info.plist;
				INFOPLIST_KEY_UIApplicationSupportsIndirectInputEvents = YES;
				INFOPLIST_KEY_UILaunchStoryboardName = LaunchScreen;
				INFOPLIST_KEY_UIMainStoryboardFile = Main;
				INFOPLIST_KEY_UISupportedInterfaceOrientations_iPad = "UIInterfaceOrientationPortrait UIInterfaceOrientationPortraitUpsideDown UIInterfaceOrientationLandscapeLeft UIInterfaceOrientationLandscapeRight";
				INFOPLIST_KEY_UISupportedInterfaceOrientations_iPhone = "UIInterfaceOrientationPortrait UIInterfaceOrientationLandscapeLeft UIInterfaceOrientationLandscapeRight";
				LD_RUNPATH_SEARCH_PATHS = (
					"$(inherited)",
					"@executable_path/Frameworks",
				);
				MARKETING_VERSION = 1.0;
				PRODUCT_BUNDLE_IDENTIFIER = FinalProject.FinalProject;
				PRODUCT_NAME = "$(TARGET_NAME)";
				SWIFT_EMIT_LOC_STRINGS = YES;
				SWIFT_VERSION = 5.0;
				TARGETED_DEVICE_FAMILY = "1,2";
			};
			name = Debug;
		};
		CE1C03F62BCB12310068D52E /* Release */ = {
			isa = XCBuildConfiguration;
			buildSettings = {
				ASSETCATALOG_COMPILER_APPICON_NAME = AppIcon;
				ASSETCATALOG_COMPILER_GLOBAL_ACCENT_COLOR_NAME = AccentColor;
				CODE_SIGN_STYLE = Automatic;
				CURRENT_PROJECT_VERSION = 1;
				GENERATE_INFOPLIST_FILE = YES;
				INFOPLIST_FILE = FinalProject/Info.plist;
				INFOPLIST_KEY_UIApplicationSupportsIndirectInputEvents = YES;
				INFOPLIST_KEY_UILaunchStoryboardName = LaunchScreen;
				INFOPLIST_KEY_UIMainStoryboardFile = Main;
				INFOPLIST_KEY_UISupportedInterfaceOrientations_iPad = "UIInterfaceOrientationPortrait UIInterfaceOrientationPortraitUpsideDown UIInterfaceOrientationLandscapeLeft UIInterfaceOrientationLandscapeRight";
				INFOPLIST_KEY_UISupportedInterfaceOrientations_iPhone = "UIInterfaceOrientationPortrait UIInterfaceOrientationLandscapeLeft UIInterfaceOrientationLandscapeRight";
				LD_RUNPATH_SEARCH_PATHS = (
					"$(inherited)",
					"@executable_path/Frameworks",
				);
				MARKETING_VERSION = 1.0;
				PRODUCT_BUNDLE_IDENTIFIER = FinalProject.FinalProject;
				PRODUCT_NAME = "$(TARGET_NAME)";
				SWIFT_EMIT_LOC_STRINGS = YES;
				SWIFT_VERSION = 5.0;
				TARGETED_DEVICE_FAMILY = "1,2";
			};
			name = Release;
		};
/* End XCBuildConfiguration section */

/* Begin XCConfigurationList section */
		CE1C03DB2BCB12300068D52E /* Build configuration list for PBXProject "FinalProject" */ = {
			isa = XCConfigurationList;
			buildConfigurations = (
				CE1C03F22BCB12310068D52E /* Debug */,
				CE1C03F32BCB12310068D52E /* Release */,
			);
			defaultConfigurationIsVisible = 0;
			defaultConfigurationName = Release;
		};
		CE1C03F42BCB12310068D52E /* Build configuration list for PBXNativeTarget "FinalProject" */ = {
			isa = XCConfigurationList;
			buildConfigurations = (
				CE1C03F52BCB12310068D52E /* Debug */,
				CE1C03F62BCB12310068D52E /* Release */,
			);
			defaultConfigurationIsVisible = 0;
			defaultConfigurationName = Release;
		};
/* End XCConfigurationList section */
	};
	rootObject = CE1C03D82BCB12300068D52E /* Project object */;
}
